{
    "_meta": {
        "hash": {
            "sha256": "6f9fd3cd0a1d77b3a79dedafa013560ad3c0ed51f1fc5b1ecfcfbae8609452a6"
        },
        "pipfile-spec": 6,
        "requires": {},
        "sources": [
            {
                "name": "pypi",
                "url": "https://pypi.org/simple",
                "verify_ssl": true
            }
        ]
    },
    "default": {
        "asgiref": {
            "hashes": [
                "sha256:7e51911ee147dd685c3c8b805c0ad0cb58d360987b56953878f8c06d2d1c6f1a",
                "sha256:9fc6fb5d39b8af147ba40765234fa822b39818b12cc80b35ad9b0cef3a476aed"
            ],
            "version": "==3.2.10"
        },
        "django": {
            "hashes": [
                "sha256:59c8125ca873ed3bdae9c12b146fbbd6ed8d0f743e4cf5f5817af50c51f1fc2f",
                "sha256:b5fbb818e751f660fa2d576d9f40c34a4c615c8b48dd383f5216e609f383371f"
            ],
            "index": "pypi",
            "version": "==3.1.1"
        },
        "djangorestframework": {
            "hashes": [
                "sha256:5cc724dc4b076463497837269107e1995b1fbc917468d1b92d188fd1af9ea789",
                "sha256:a5967b68a04e0d97d10f4df228e30f5a2d82ba63b9d03e1759f84993b7bf1b53"
            ],
            "index": "pypi",
            "version": "==3.11.2"
        },
        "pytz": {
            "hashes": [
                "sha256:83a4a90894bf38e243cf052c8b58f381bfe9a7a483f6a9cab140bc7f702ac4da",
                "sha256:eb10ce3e7736052ed3623d49975ce333bcd712c7bb19a58b9e2089d4057d0798"
            ],
            "version": "==2021.1"
        },
        "sqlparse": {
            "hashes": [
                "sha256:017cde379adbd6a1f15a61873f43e8274179378e95ef3fede90b5aa64d304ed0",
                "sha256:0f91fd2e829c44362cbcfab3e9ae12e22badaa8a29ad5ff599f9ec109f0454e8"
            ],
            "version": "==0.4.1"
        }
    },
    "develop": {}
}
